PODS:
  - Braintree (6.30.0):
    - Braintree/Card (= 6.30.0)
    - Braintree/Core (= 6.30.0)
    - Braintree/PayPal (= 6.30.0)
  - Braintree/Card (6.30.0):
    - Braintree/Core
  - Braintree/Core (6.30.0)
  - Braintree/DataCollector (6.30.0):
    - Braintree/Core
  - Braintree/PayPal (6.30.0):
    - Braintree/Core
    - Braintree/DataCollector
  - Braintree/Venmo (6.30.0):
    - Braintree/Core
  - Flutter (1.0.0)
  - flutter_braintree_payment (0.0.1):
    - Braintree (= 6.30.0)
    - Braintree/Venmo (= 6.30.0)
    - Flutter
  - integration_test (0.0.1):
    - Flutter
  - package_info_plus (0.4.5):
    - Flutter

DEPENDENCIES:
  - Flutter (from `Flutter`)
  - flutter_braintree_payment (from `.symlinks/plugins/flutter_braintree_payment/ios`)
  - integration_test (from `.symlinks/plugins/integration_test/ios`)
  - package_info_plus (from `.symlinks/plugins/package_info_plus/ios`)

SPEC REPOS:
  trunk:
    - Braintree

EXTERNAL SOURCES:
  Flutter:
    :path: Flutter
  flutter_braintree_payment:
    :path: ".symlinks/plugins/flutter_braintree_payment/ios"
  integration_test:
    :path: ".symlinks/plugins/integration_test/ios"
  package_info_plus:
    :path: ".symlinks/plugins/package_info_plus/ios"

SPEC CHECKSUMS:
  Braintree: adb5125c072eb2b79f84260715dac33ce703ce68
  Flutter: e0871f40cf51350855a761d2e70bf5af5b9b5de7
  flutter_braintree_payment: cbaf0b2fd66eb04ea151ee071f109f719a63da2e
  integration_test: 4a889634ef21a45d28d50d622cf412dc6d9f586e
  package_info_plus: af8e2ca6888548050f16fa2f1938db7b5a5df499

PODFILE CHECKSUM: e30f02f9d1c72c47bb6344a0a748c9d268180865

COCOAPODS: 1.16.2
